
Microsoft Visual Studio Solution File, Format Version 12.00
# Visual Studio Version 17
VisualStudioVersion = 17.3.32811.315
MinimumVisualStudioVersion = 10.0.40219.1
Project("{FAE04EC0-301F-11D3-BF4B-00C04F79EFBC}") = "GissaTal", "GissaTal\GissaTal.csproj", "{F2D50C37-0B00-4256-8588-409C8D55B1DF}"
EndProject
Global
	GlobalSection(SolutionConfigurationPlatforms) = preSolution
		Debug|Any CPU = Debug|Any CPU
		Release|Any CPU = Release|Any CPU
	EndGlobalSection
	GlobalSection(ProjectConfigurationPlatforms) = postSolution
		{F2D50C37-0B00-4256-8588-409C8D55B1DF}.Debug|Any CPU.ActiveCfg = Debug|Any CPU
		{F2D50C37-0B00-4256-8588-409C8D55B1DF}.Debug|Any CPU.Build.0 = Debug|Any CPU
		{F2D50C37-0B00-4256-8588-409C8D55B1DF}.Release|Any CPU.ActiveCfg = Release|Any CPU
		{F2D50C37-0B00-4256-8588-409C8D55B1DF}.Release|Any CPU.Build.0 = Release|Any CPU
	EndGlobalSection
	GlobalSection(SolutionProperties) = preSolution
		HideSolutionNode = FALSE
	EndGlobalSection
	GlobalSection(ExtensibilityGlobals) = postSolution
		SolutionGuid = {084BC396-1AED-45AA-B8F9-E234B1F991AC}
	EndGlobalSection
EndGlobal
